PODS:
  - MMCardView (0.3.2)
  - SwiftQRCode (3.0.2)

DEPENDENCIES:
  - MMCardView
  - SwiftQRCode

SPEC CHECKSUMS:
  MMCardView: 81470780ffa5fd6501ffadfc67d47e9ef446a9c0
  SwiftQRCode: 280589699d84195c2c573011aa52f2c015c31c34

PODFILE CHECKSUM: ba2ea1cb9f10ebd4b5ac8adf72f9dfc59d2b6a71

COCOAPODS: 1.1.1
