// !$*UTF8*$!
{
	archiveVersion = 1;
	classes = {
	};
	objectVersion = 46;
	objects = {

/* Begin PBXBuildFile section */
		24AC37561E26066100EEC55B /* AppDelegate.swift in Sources */ = {isa = PBXBuildFile; fileRef = 24AC37551E26066100EEC55B /* AppDelegate.swift */; };
		24AC37581E26066100EEC55B /* ViewController.swift in Sources */ = {isa = PBXBuildFile; fileRef = 24AC37571E26066100EEC55B /* ViewController.swift */; };
		24AC375B1E26066100EEC55B /* Main.storyboard in Resources */ = {isa = PBXBuildFile; fileRef = 24AC37591E26066100EEC55B /* Main.storyboard */; };
		24AC375D1E26066100EEC55B /* Assets.xcassets in Resources */ = {isa = PBXBuildFile; fileRef = 24AC375C1E26066100EEC55B /* Assets.xcassets */; };
		24AC37601E26066100EEC55B /* LaunchScreen.storyboard in Resources */ = {isa = PBXBuildFile; fileRef = 24AC375E1E26066100EEC55B /* LaunchScreen.storyboard */; };
		24AC376B1E26066100EEC55B /* Coupon_for_UTests.swift in Sources */ = {isa = PBXBuildFile; fileRef = 24AC376A1E26066100EEC55B /* Coupon_for_UTests.swift */; };
		24AC37761E26066100EEC55B /* Coupon_for_UUITests.swift in Sources */ = {isa = PBXBuildFile; fileRef = 24AC37751E26066100EEC55B /* Coupon_for_UUITests.swift */; };
		24AC37981E260AB900EEC55B /* UIViewController+Navigation.swift in Sources */ = {isa = PBXBuildFile; fileRef = 24AC37971E260AB900EEC55B /* UIViewController+Navigation.swift */; };
/* End PBXBuildFile section */

/* Begin PBXContainerItemProxy section */
		24AC37671E26066100EEC55B /* PBXContainerItemProxy */ = {
			isa = PBXContainerItemProxy;
			containerPortal = 24AC374A1E26066100EEC55B /* Project object */;
			proxyType = 1;
			remoteGlobalIDString = 24AC37511E26066100EEC55B;
			remoteInfo = Coupon_for_U;
		};
		24AC37721E26066100EEC55B /* PBXContainerItemProxy */ = {
			isa = PBXContainerItemProxy;
			containerPortal = 24AC374A1E26066100EEC55B /* Project object */;
			proxyType = 1;
			remoteGlobalIDString = 24AC37511E26066100EEC55B;
			remoteInfo = Coupon_for_U;
		};
/* End PBXContainerItemProxy section */

/* Begin PBXFileReference section */
		24AC37521E26066100EEC55B /* Coupon_for_U.app */ = {isa = PBXFileReference; explicitFileType = wrapper.application; includeInIndex = 0; path = Coupon_for_U.app; sourceTree = BUILT_PRODUCTS_DIR; };
		24AC37551E26066100EEC55B /* AppDelegate.swift */ = {isa = PBXFileReference; lastKnownFileType = sourcecode.swift; path = AppDelegate.swift; sourceTree = "<group>"; };
		24AC37571E26066100EEC55B /* ViewController.swift */ = {isa = PBXFileReference; lastKnownFileType = sourcecode.swift; path = ViewController.swift; sourceTree = "<group>"; };
		24AC375A1E26066100EEC55B /* Base */ = {isa = PBXFileReference; lastKnownFileType = file.storyboard; name = Base; path = Base.lproj/Main.storyboard; sourceTree = "<group>"; };
		24AC375C1E26066100EEC55B /* Assets.xcassets */ = {isa = PBXFileReference; lastKnownFileType = folder.assetcatalog; path = Assets.xcassets; sourceTree = "<group>"; };
		24AC375F1E26066100EEC55B /* Base */ = {isa = PBXFileReference; lastKnownFileType = file.storyboard; name = Base; path = Base.lproj/LaunchScreen.storyboard; sourceTree = "<group>"; };
		24AC37611E26066100EEC55B /* Info.plist */ = {isa = PBXFileReference; lastKnownFileType = text.plist.xml; path = Info.plist; sourceTree = "<group>"; };
		24AC37661E26066100EEC55B /* Coupon_for_UTests.xctest */ = {isa = PBXFileReference; explicitFileType = wrapper.cfbundle; includeInIndex = 0; path = Coupon_for_UTests.xctest; sourceTree = BUILT_PRODUCTS_DIR; };
		24AC376A1E26066100EEC55B /* Coupon_for_UTests.swift */ = {isa = PBXFileReference; lastKnownFileType = sourcecode.swift; path = Coupon_for_UTests.swift; sourceTree = "<group>"; };
		24AC376C1E26066100EEC55B /* Info.plist */ = {isa = PBXFileReference; lastKnownFileType = text.plist.xml; path = Info.plist; sourceTree = "<group>"; };
		24AC37711E26066100EEC55B /* Coupon_for_UUITests.xctest */ = {isa = PBXFileReference; explicitFileType = wrapper.cfbundle; includeInIndex = 0; path = Coupon_for_UUITests.xctest; sourceTree = BUILT_PRODUCTS_DIR; };
		24AC37751E26066100EEC55B /* Coupon_for_UUITests.swift */ = {isa = PBXFileReference; lastKnownFileType = sourcecode.swift; path = Coupon_for_UUITests.swift; sourceTree = "<group>"; };
		24AC37771E26066100EEC55B /* Info.plist */ = {isa = PBXFileReference; lastKnownFileType = text.plist.xml; path = Info.plist; sourceTree = "<group>"; };
		24AC37971E260AB900EEC55B /* UIViewController+Navigation.swift */ = {isa = PBXFileReference; fileEncoding = 4; lastKnownFileType = sourcecode.swift; path = "UIViewController+Navigation.swift"; sourceTree = "<group>"; };
/* End PBXFileReference section */

/* Begin PBXFrameworksBuildPhase section */
		24AC374F1E26066100EEC55B /* Frameworks */ = {
			isa = PBXFrameworksBuildPhase;
			buildActionMask = 2147483647;
			files = (
			);
			runOnlyForDeploymentPostprocessing = 0;
		};
		24AC37631E26066100EEC55B /* Frameworks */ = {
			isa = PBXFrameworksBuildPhase;
			buildActionMask = 2147483647;
			files = (
			);
			runOnlyForDeploymentPostprocessing = 0;
		};
		24AC376E1E26066100EEC55B /* Frameworks */ = {
			isa = PBXFrameworksBuildPhase;
			buildActionMask = 2147483647;
			files = (
			);
			runOnlyForDeploymentPostprocessing = 0;
		};
/* End PBXFrameworksBuildPhase section */

/* Begin PBXGroup section */
		24AC37491E26066100EEC55B = {
			isa = PBXGroup;
			children = (
				24AC37541E26066100EEC55B /* Coupon_for_U */,
				24AC37691E26066100EEC55B /* Coupon_for_UTests */,
				24AC37741E26066100EEC55B /* Coupon_for_UUITests */,
				24AC37531E26066100EEC55B /* Products */,
				24AC37971E260AB900EEC55B /* UIViewController+Navigation.swift */,
			);
			sourceTree = "<group>";
		};
		24AC37531E26066100EEC55B /* Products */ = {
			isa = PBXGroup;
			children = (
				24AC37521E26066100EEC55B /* Coupon_for_U.app */,
				24AC37661E26066100EEC55B /* Coupon_for_UTests.xctest */,
				24AC37711E26066100EEC55B /* Coupon_for_UUITests.xctest */,
			);
			name = Products;
			sourceTree = "<group>";
		};
		24AC37541E26066100EEC55B /* Coupon_for_U */ = {
			isa = PBXGroup;
			children = (
				24AC37551E26066100EEC55B /* AppDelegate.swift */,
				24AC37571E26066100EEC55B /* ViewController.swift */,
				24AC37591E26066100EEC55B /* Main.storyboard */,
				24AC375C1E26066100EEC55B /* Assets.xcassets */,
				24AC375E1E26066100EEC55B /* LaunchScreen.storyboard */,
				24AC37611E26066100EEC55B /* Info.plist */,
			);
			path = Coupon_for_U;
			sourceTree = "<group>";
		};
		24AC37691E26066100EEC55B /* Coupon_for_UTests */ = {
			isa = PBXGroup;
			children = (
				24AC376A1E26066100EEC55B /* Coupon_for_UTests.swift */,
				24AC376C1E26066100EEC55B /* Info.plist */,
			);
			path = Coupon_for_UTests;
			sourceTree = "<group>";
		};
		24AC37741E26066100EEC55B /* Coupon_for_UUITests */ = {
			isa = PBXGroup;
			children = (
				24AC37751E26066100EEC55B /* Coupon_for_UUITests.swift */,
				24AC37771E26066100EEC55B /* Info.plist */,
			);
			path = Coupon_for_UUITests;
			sourceTree = "<group>";
		};
/* End PBXGroup section */

/* Begin PBXNativeTarget section */
		24AC37511E26066100EEC55B /* Coupon_for_U */ = {
			isa = PBXNativeTarget;
			buildConfigurationList = 24AC377A1E26066100EEC55B /* Build configuration list for PBXNativeTarget "Coupon_for_U" */;
			buildPhases = (
				24AC374E1E26066100EEC55B /* Sources */,
				24AC374F1E26066100EEC55B /* Frameworks */,
				24AC37501E26066100EEC55B /* Resources */,
			);
			buildRules = (
			);
			dependencies = (
			);
			name = Coupon_for_U;
			productName = Coupon_for_U;
			productReference = 24AC37521E26066100EEC55B /* Coupon_for_U.app */;
			productType = "com.apple.product-type.application";
		};
		24AC37651E26066100EEC55B /* Coupon_for_UTests */ = {
			isa = PBXNativeTarget;
			buildConfigurationList = 24AC377D1E26066100EEC55B /* Build configuration list for PBXNativeTarget "Coupon_for_UTests" */;
			buildPhases = (
				24AC37621E26066100EEC55B /* Sources */,
				24AC37631E26066100EEC55B /* Frameworks */,
				24AC37641E26066100EEC55B /* Resources */,
			);
			buildRules = (
			);
			dependencies = (
				24AC37681E26066100EEC55B /* PBXTargetDependency */,
			);
			name = Coupon_for_UTests;
			productName = Coupon_for_UTests;
			productReference = 24AC37661E26066100EEC55B /* Coupon_for_UTests.xctest */;
			productType = "com.apple.product-type.bundle.unit-test";
		};
		24AC37701E26066100EEC55B /* Coupon_for_UUITests */ = {
			isa = PBXNativeTarget;
			buildConfigurationList = 24AC37801E26066100EEC55B /* Build configuration list for PBXNativeTarget "Coupon_for_UUITests" */;
			buildPhases = (
				24AC376D1E26066100EEC55B /* Sources */,
				24AC376E1E26066100EEC55B /* Frameworks */,
				24AC376F1E26066100EEC55B /* Resources */,
			);
			buildRules = (
			);
			dependencies = (
				24AC37731E26066100EEC55B /* PBXTargetDependency */,
			);
			name = Coupon_for_UUITests;
			productName = Coupon_for_UUITests;
			productReference = 24AC37711E26066100EEC55B /* Coupon_for_UUITests.xctest */;
			productType = "com.apple.product-type.bundle.ui-testing";
		};
/* End PBXNativeTarget section */

/* Begin PBXProject section */
		24AC374A1E26066100EEC55B /* Project object */ = {
			isa = PBXProject;
			attributes = {
				LastSwiftUpdateCheck = 0820;
				LastUpgradeCheck = 0820;
				ORGANIZATIONNAME = dan1002;
				TargetAttributes = {
					24AC37511E26066100EEC55B = {
						CreatedOnToolsVersion = 8.2.1;
						ProvisioningStyle = Automatic;
					};
					24AC37651E26066100EEC55B = {
						CreatedOnToolsVersion = 8.2.1;
						ProvisioningStyle = Automatic;
						TestTargetID = 24AC37511E26066100EEC55B;
					};
					24AC37701E26066100EEC55B = {
						CreatedOnToolsVersion = 8.2.1;
						ProvisioningStyle = Automatic;
						TestTargetID = 24AC37511E26066100EEC55B;
					};
				};
			};
			buildConfigurationList = 24AC374D1E26066100EEC55B /* Build configuration list for PBXProject "Coupon_for_U" */;
			compatibilityVersion = "Xcode 3.2";
			developmentRegion = English;
			hasScannedForEncodings = 0;
			knownRegions = (
				en,
				Base,
			);
			mainGroup = 24AC37491E26066100EEC55B;
			productRefGroup = 24AC37531E26066100EEC55B /* Products */;
			projectDirPath = "";
			projectRoot = "";
			targets = (
				24AC37511E26066100EEC55B /* Coupon_for_U */,
				24AC37651E26066100EEC55B /* Coupon_for_UTests */,
				24AC37701E26066100EEC55B /* Coupon_for_UUITests */,
			);
		};
/* End PBXProject section */

/* Begin PBXResourcesBuildPhase section */
		24AC37501E26066100EEC55B /* Resources */ = {
			isa = PBXResourcesBuildPhase;
			buildActionMask = 2147483647;
			files = (
				24AC37601E26066100EEC55B /* LaunchScreen.storyboard in Resources */,
				24AC375D1E26066100EEC55B /* Assets.xcassets in Resources */,
				24AC375B1E26066100EEC55B /* Main.storyboard in Resources */,
			);
			runOnlyForDeploymentPostprocessing = 0;
		};
		24AC37641E26066100EEC55B /* Resources */ = {
			isa = PBXResourcesBuildPhase;
			buildActionMask = 2147483647;
			files = (
			);
			runOnlyForDeploymentPostprocessing = 0;
		};
		24AC376F1E26066100EEC55B /* Resources */ = {
			isa = PBXResourcesBuildPhase;
			buildActionMask = 2147483647;
			files = (
			);
			runOnlyForDeploymentPostprocessing = 0;
		};
/* End PBXResourcesBuildPhase section */

/* Begin PBXSourcesBuildPhase section */
		24AC374E1E26066100EEC55B /* Sources */ = {
			isa = PBXSourcesBuildPhase;
			buildActionMask = 2147483647;
			files = (
				24AC37981E260AB900EEC55B /* UIViewController+Navigation.swift in Sources */,
				24AC37581E26066100EEC55B /* ViewController.swift in Sources */,
				24AC37561E26066100EEC55B /* AppDelegate.swift in Sources */,
			);
			runOnlyForDeploymentPostprocessing = 0;
		};
		24AC37621E26066100EEC55B /* Sources */ = {
			isa = PBXSourcesBuildPhase;
			buildActionMask = 2147483647;
			files = (
				24AC376B1E26066100EEC55B /* Coupon_for_UTests.swift in Sources */,
			);
			runOnlyForDeploymentPostprocessing = 0;
		};
		24AC376D1E26066100EEC55B /* Sources */ = {
			isa = PBXSourcesBuildPhase;
			buildActionMask = 2147483647;
			files = (
				24AC37761E26066100EEC55B /* Coupon_for_UUITests.swift in Sources */,
			);
			runOnlyForDeploymentPostprocessing = 0;
		};
/* End PBXSourcesBuildPhase section */

/* Begin PBXTargetDependency section */
		24AC37681E26066100EEC55B /* PBXTargetDependency */ = {
			isa = PBXTargetDependency;
			target = 24AC37511E26066100EEC55B /* Coupon_for_U */;
			targetProxy = 24AC37671E26066100EEC55B /* PBXContainerItemProxy */;
		};
		24AC37731E26066100EEC55B /* PBXTargetDependency */ = {
			isa = PBXTargetDependency;
			target = 24AC37511E26066100EEC55B /* Coupon_for_U */;
			targetProxy = 24AC37721E26066100EEC55B /* PBXContainerItemProxy */;
		};
/* End PBXTargetDependency section */

/* Begin PBXVariantGroup section */
		24AC37591E26066100EEC55B /* Main.storyboard */ = {
			isa = PBXVariantGroup;
			children = (
				24AC375A1E26066100EEC55B /* Base */,
			);
			name = Main.storyboard;
			sourceTree = "<group>";
		};
		24AC375E1E26066100EEC55B /* LaunchScreen.storyboard */ = {
			isa = PBXVariantGroup;
			children = (
				24AC375F1E26066100EEC55B /* Base */,
			);
			name = LaunchScreen.storyboard;
			sourceTree = "<group>";
		};
/* End PBXVariantGroup section */

/* Begin XCBuildConfiguration section */
		24AC37781E26066100EEC55B /* Debug */ = {
			isa = XCBuildConfiguration;
			buildSettings = {
				ALWAYS_SEARCH_USER_PATHS = NO;
				CLANG_ANALYZER_NONNULL = YES;
				CLANG_CXX_LANGUAGE_STANDARD = "gnu++0x";
				CLANG_CXX_LIBRARY = "libc++";
				CLANG_ENABLE_MODULES = YES;
				CLANG_ENABLE_OBJC_ARC = YES;
				CLANG_WARN_BOOL_CONVERSION = YES;
				CLANG_WARN_CONSTANT_CONVERSION = YES;
				CLANG_WARN_DIRECT_OBJC_ISA_USAGE = YES_ERROR;
				CLANG_WARN_DOCUMENTATION_COMMENTS = YES;
				CLANG_WARN_EMPTY_BODY = YES;
				CLANG_WARN_ENUM_CONVERSION = YES;
				CLANG_WARN_INFINITE_RECURSION = YES;
				CLANG_WARN_INT_CONVERSION = YES;
				CLANG_WARN_OBJC_ROOT_CLASS = YES_ERROR;
				CLANG_WARN_SUSPICIOUS_MOVE = YES;
				CLANG_WARN_UNREACHABLE_CODE = YES;
				CLANG_WARN__DUPLICATE_METHOD_MATCH = YES;
				"CODE_SIGN_IDENTITY[sdk=iphoneos*]" = "iPhone Developer";
				COPY_PHASE_STRIP = NO;
				DEBUG_INFORMATION_FORMAT = dwarf;
				ENABLE_STRICT_OBJC_MSGSEND = YES;
				ENABLE_TESTABILITY = YES;
				GCC_C_LANGUAGE_STANDARD = gnu99;
				GCC_DYNAMIC_NO_PIC = NO;
				GCC_NO_COMMON_BLOCKS = YES;
				GCC_OPTIMIZATION_LEVEL = 0;
				GCC_PREPROCESSOR_DEFINITIONS = (
					"DEBUG=1",
					"$(inherited)",
				);
				GCC_WARN_64_TO_32_BIT_CONVERSION = YES;
				GCC_WARN_ABOUT_RETURN_TYPE = YES_ERROR;
				GCC_WARN_UNDECLARED_SELECTOR = YES;
				GCC_WARN_UNINITIALIZED_AUTOS = YES_AGGRESSIVE;
				GCC_WARN_UNUSED_FUNCTION = YES;
				GCC_WARN_UNUSED_VARIABLE = YES;
				IPHONEOS_DEPLOYMENT_TARGET = 10.2;
				MTL_ENABLE_DEBUG_INFO = YES;
				ONLY_ACTIVE_ARCH = YES;
				SDKROOT = iphoneos;
				SWIFT_ACTIVE_COMPILATION_CONDITIONS = DEBUG;
				SWIFT_OPTIMIZATION_LEVEL = "-Onone";
				TARGETED_DEVICE_FAMILY = "1,2";
			};
			name = Debug;
		};
		24AC37791E26066100EEC55B /* Release */ = {
			isa = XCBuildConfiguration;
			buildSettings = {
				ALWAYS_SEARCH_USER_PATHS = NO;
				CLANG_ANALYZER_NONNULL = YES;
				CLANG_CXX_LANGUAGE_STANDARD = "gnu++0x";
				CLANG_CXX_LIBRARY = "libc++";
				CLANG_ENABLE_MODULES = YES;
				CLANG_ENABLE_OBJC_ARC = YES;
				CLANG_WARN_BOOL_CONVERSION = YES;
				CLANG_WARN_CONSTANT_CONVERSION = YES;
				CLANG_WARN_DIRECT_OBJC_ISA_USAGE = YES_ERROR;
				CLANG_WARN_DOCUMENTATION_COMMENTS = YES;
				CLANG_WARN_EMPTY_BODY = YES;
				CLANG_WARN_ENUM_CONVERSION = YES;
				CLANG_WARN_INFINITE_RECURSION = YES;
				CLANG_WARN_INT_CONVERSION = YES;
				CLANG_WARN_OBJC_ROOT_CLASS = YES_ERROR;
				CLANG_WARN_SUSPICIOUS_MOVE = YES;
				CLANG_WARN_UNREACHABLE_CODE = YES;
				CLANG_WARN__DUPLICATE_METHOD_MATCH = YES;
				"CODE_SIGN_IDENTITY[sdk=iphoneos*]" = "iPhone Developer";
				COPY_PHASE_STRIP = NO;
				DEBUG_INFORMATION_FORMAT = "dwarf-with-dsym";
				ENABLE_NS_ASSERTIONS = NO;
				ENABLE_STRICT_OBJC_MSGSEND = YES;
				GCC_C_LANGUAGE_STANDARD = gnu99;
				GCC_NO_COMMON_BLOCKS = YES;
				GCC_WARN_64_TO_32_BIT_CONVERSION = YES;
				GCC_WARN_ABOUT_RETURN_TYPE = YES_ERROR;
				GCC_WARN_UNDECLARED_SELECTOR = YES;
				GCC_WARN_UNINITIALIZED_AUTOS = YES_AGGRESSIVE;
				GCC_WARN_UNUSED_FUNCTION = YES;
				GCC_WARN_UNUSED_VARIABLE = YES;
				IPHONEOS_DEPLOYMENT_TARGET = 10.2;
				MTL_ENABLE_DEBUG_INFO = NO;
				SDKROOT = iphoneos;
				SWIFT_OPTIMIZATION_LEVEL = "-Owholemodule";
				TARGETED_DEVICE_FAMILY = "1,2";
				VALIDATE_PRODUCT = YES;
			};
			name = Release;
		};
		24AC377B1E26066100EEC55B /* Debug */ = {
			isa = XCBuildConfiguration;
			buildSettings = {
				ASSETCATALOG_COMPILER_APPICON_NAME = AppIcon;
				INFOPLIST_FILE = Coupon_for_U/Info.plist;
				LD_RUNPATH_SEARCH_PATHS = "$(inherited) @executable_path/Frameworks";
				PRODUCT_BUNDLE_IDENTIFIER = "com.Coupon-for-U";
				PRODUCT_NAME = "$(TARGET_NAME)";
				SWIFT_VERSION = 3.0;
			};
			name = Debug;
		};
		24AC377C1E26066100EEC55B /* Release */ = {
			isa = XCBuildConfiguration;
			buildSettings = {
				ASSETCATALOG_COMPILER_APPICON_NAME = AppIcon;
				INFOPLIST_FILE = Coupon_for_U/Info.plist;
				LD_RUNPATH_SEARCH_PATHS = "$(inherited) @executable_path/Frameworks";
				PRODUCT_BUNDLE_IDENTIFIER = "com.Coupon-for-U";
				PRODUCT_NAME = "$(TARGET_NAME)";
				SWIFT_VERSION = 3.0;
			};
			name = Release;
		};
		24AC377E1E26066100EEC55B /* Debug */ = {
			isa = XCBuildConfiguration;
			buildSettings = {
				ALWAYS_EMBED_SWIFT_STANDARD_LIBRARIES = YES;
				BUNDLE_LOADER = "$(TEST_HOST)";
				INFOPLIST_FILE = Coupon_for_UTests/Info.plist;
				LD_RUNPATH_SEARCH_PATHS = "$(inherited) @executable_path/Frameworks @loader_path/Frameworks";
				PRODUCT_BUNDLE_IDENTIFIER = "com.Coupon-for-UTests";
				PRODUCT_NAME = "$(TARGET_NAME)";
				SWIFT_VERSION = 3.0;
				TEST_HOST = "$(BUILT_PRODUCTS_DIR)/Coupon_for_U.app/Coupon_for_U";
			};
			name = Debug;
		};
		24AC377F1E26066100EEC55B /* Release */ = {
			isa = XCBuildConfiguration;
			buildSettings = {
				ALWAYS_EMBED_SWIFT_STANDARD_LIBRARIES = YES;
				BUNDLE_LOADER = "$(TEST_HOST)";
				INFOPLIST_FILE = Coupon_for_UTests/Info.plist;
				LD_RUNPATH_SEARCH_PATHS = "$(inherited) @executable_path/Frameworks @loader_path/Frameworks";
				PRODUCT_BUNDLE_IDENTIFIER = "com.Coupon-for-UTests";
				PRODUCT_NAME = "$(TARGET_NAME)";
				SWIFT_VERSION = 3.0;
				TEST_HOST = "$(BUILT_PRODUCTS_DIR)/Coupon_for_U.app/Coupon_for_U";
			};
			name = Release;
		};
		24AC37811E26066100EEC55B /* Debug */ = {
			isa = XCBuildConfiguration;
			buildSettings = {
				ALWAYS_EMBED_SWIFT_STANDARD_LIBRARIES = YES;
				INFOPLIST_FILE = Coupon_for_UUITests/Info.plist;
				LD_RUNPATH_SEARCH_PATHS = "$(inherited) @executable_path/Frameworks @loader_path/Frameworks";
				PRODUCT_BUNDLE_IDENTIFIER = "com.Coupon-for-UUITests";
				PRODUCT_NAME = "$(TARGET_NAME)";
				SWIFT_VERSION = 3.0;
				TEST_TARGET_NAME = Coupon_for_U;
			};
			name = Debug;
		};
		24AC37821E26066100EEC55B /* Release */ = {
			isa = XCBuildConfiguration;
			buildSettings = {
				ALWAYS_EMBED_SWIFT_STANDARD_LIBRARIES = YES;
				INFOPLIST_FILE = Coupon_for_UUITests/Info.plist;
				LD_RUNPATH_SEARCH_PATHS = "$(inherited) @executable_path/Frameworks @loader_path/Frameworks";
				PRODUCT_BUNDLE_IDENTIFIER = "com.Coupon-for-UUITests";
				PRODUCT_NAME = "$(TARGET_NAME)";
				SWIFT_VERSION = 3.0;
				TEST_TARGET_NAME = Coupon_for_U;
			};
			name = Release;
		};
/* End XCBuildConfiguration section */

/* Begin XCConfigurationList section */
		24AC374D1E26066100EEC55B /* Build configuration list for PBXProject "Coupon_for_U" */ = {
			isa = XCConfigurationList;
			buildConfigurations = (
				24AC37781E26066100EEC55B /* Debug */,
				24AC37791E26066100EEC55B /* Release */,
			);
			defaultConfigurationIsVisible = 0;
			defaultConfigurationName = Release;
		};
		24AC377A1E26066100EEC55B /* Build configuration list for PBXNativeTarget "Coupon_for_U" */ = {
			isa = XCConfigurationList;
			buildConfigurations = (
				24AC377B1E26066100EEC55B /* Debug */,
				24AC377C1E26066100EEC55B /* Release */,
			);
			defaultConfigurationIsVisible = 0;
			defaultConfigurationName = Release;
		};
		24AC377D1E26066100EEC55B /* Build configuration list for PBXNativeTarget "Coupon_for_UTests" */ = {
			isa = XCConfigurationList;
			buildConfigurations = (
				24AC377E1E26066100EEC55B /* Debug */,
				24AC377F1E26066100EEC55B /* Release */,
			);
			defaultConfigurationIsVisible = 0;
			defaultConfigurationName = Release;
		};
		24AC37801E26066100EEC55B /* Build configuration list for PBXNativeTarget "Coupon_for_UUITests" */ = {
			isa = XCConfigurationList;
			buildConfigurations = (
				24AC37811E26066100EEC55B /* Debug */,
				24AC37821E26066100EEC55B /* Release */,
			);
			defaultConfigurationIsVisible = 0;
			defaultConfigurationName = Release;
		};
/* End XCConfigurationList section */
	};
	rootObject = 24AC374A1E26066100EEC55B /* Project object */;
}
