// !$*UTF8*$!
{
	archiveVersion = 1;
	classes = {
	};
	objectVersion = 46;
	objects = {

/* Begin PBXBuildFile section */
		24AC383F1E26214100EEC55B /* AppDelegate.swift in Sources */ = {isa = PBXBuildFile; fileRef = 24AC383E1E26214100EEC55B /* AppDelegate.swift */; };
		24AC38411E26214100EEC55B /* ViewController.swift in Sources */ = {isa = PBXBuildFile; fileRef = 24AC38401E26214100EEC55B /* ViewController.swift */; };
		24AC38441E26214100EEC55B /* Main.storyboard in Resources */ = {isa = PBXBuildFile; fileRef = 24AC38421E26214100EEC55B /* Main.storyboard */; };
		24AC38461E26214100EEC55B /* Assets.xcassets in Resources */ = {isa = PBXBuildFile; fileRef = 24AC38451E26214100EEC55B /* Assets.xcassets */; };
		24AC38491E26214100EEC55B /* LaunchScreen.storyboard in Resources */ = {isa = PBXBuildFile; fileRef = 24AC38471E26214100EEC55B /* LaunchScreen.storyboard */; };
		24AC38541E26214200EEC55B /* Coupon_for_U_AnamTests.swift in Sources */ = {isa = PBXBuildFile; fileRef = 24AC38531E26214200EEC55B /* Coupon_for_U_AnamTests.swift */; };
		24AC385F1E26214200EEC55B /* Coupon_for_U_AnamUITests.swift in Sources */ = {isa = PBXBuildFile; fileRef = 24AC385E1E26214200EEC55B /* Coupon_for_U_AnamUITests.swift */; };
		24AC38C11E277A4600EEC55B /* CHContentViewController.swift in Sources */ = {isa = PBXBuildFile; fileRef = 24AC38B21E277A4600EEC55B /* CHContentViewController.swift */; };
		24AC38C21E277A4600EEC55B /* CHControls.swift in Sources */ = {isa = PBXBuildFile; fileRef = 24AC38B31E277A4600EEC55B /* CHControls.swift */; };
		24AC38C31E277A4600EEC55B /* CHModalViewController.swift in Sources */ = {isa = PBXBuildFile; fileRef = 24AC38B41E277A4600EEC55B /* CHModalViewController.swift */; };
		24AC38C41E277A4600EEC55B /* CHPagingScrollViewController.swift in Sources */ = {isa = PBXBuildFile; fileRef = 24AC38B51E277A4600EEC55B /* CHPagingScrollViewController.swift */; };
		24AC38C51E277A4600EEC55B /* CHPickerViewController.swift in Sources */ = {isa = PBXBuildFile; fileRef = 24AC38B61E277A4600EEC55B /* CHPickerViewController.swift */; };
		24AC38C61E277A4600EEC55B /* DrawingCanvasView.swift in Sources */ = {isa = PBXBuildFile; fileRef = 24AC38B71E277A4600EEC55B /* DrawingCanvasView.swift */; };
		24AC38C71E277A4600EEC55B /* FIlters.swift in Sources */ = {isa = PBXBuildFile; fileRef = 24AC38B81E277A4600EEC55B /* FIlters.swift */; };
		24AC38C81E277A4600EEC55B /* NavigationControllers.swift in Sources */ = {isa = PBXBuildFile; fileRef = 24AC38B91E277A4600EEC55B /* NavigationControllers.swift */; };
		24AC38C91E277A4600EEC55B /* RecordButton.swift in Sources */ = {isa = PBXBuildFile; fileRef = 24AC38BA1E277A4600EEC55B /* RecordButton.swift */; };
		24AC38CA1E277A4600EEC55B /* UIViewController+Navigation.swift in Sources */ = {isa = PBXBuildFile; fileRef = 24AC38BB1E277A4600EEC55B /* UIViewController+Navigation.swift */; };
		2C14FD8F1E444A6C001B482F /* Gram14Card.swift in Sources */ = {isa = PBXBuildFile; fileRef = 2C14FD8E1E444A6C001B482F /* Gram14Card.swift */; };
		2C14FD911E444A85001B482F /* Gram14Card.xib in Resources */ = {isa = PBXBuildFile; fileRef = 2C14FD901E444A85001B482F /* Gram14Card.xib */; };
		2C14FD931E44519F001B482F /* Do58Card.swift in Sources */ = {isa = PBXBuildFile; fileRef = 2C14FD921E44519F001B482F /* Do58Card.swift */; };
		2C14FD951E4451EB001B482F /* Do58Card.xib in Resources */ = {isa = PBXBuildFile; fileRef = 2C14FD941E4451EB001B482F /* Do58Card.xib */; };
		2C14FD971E44537F001B482F /* DearBreadCard.swift in Sources */ = {isa = PBXBuildFile; fileRef = 2C14FD961E44537F001B482F /* DearBreadCard.swift */; };
		2C14FD991E445399001B482F /* DearBreadCard.xib in Resources */ = {isa = PBXBuildFile; fileRef = 2C14FD981E445399001B482F /* DearBreadCard.xib */; };
		2C14FD9B1E445B00001B482F /* CafeDeNataCard.swift in Sources */ = {isa = PBXBuildFile; fileRef = 2C14FD9A1E445B00001B482F /* CafeDeNataCard.swift */; };
		2C14FD9D1E445B0D001B482F /* CafeDeNataCard.xib in Resources */ = {isa = PBXBuildFile; fileRef = 2C14FD9C1E445B0D001B482F /* CafeDeNataCard.xib */; };
		2C51FD2D1E41A60700D68B88 /* CardACell.swift in Sources */ = {isa = PBXBuildFile; fileRef = 2C51FD2C1E41A60700D68B88 /* CardACell.swift */; };
		2C51FD331E41A61C00D68B88 /* CardACell.xib in Resources */ = {isa = PBXBuildFile; fileRef = 2C51FD2E1E41A61C00D68B88 /* CardACell.xib */; };
		2C51FD341E41A61C00D68B88 /* CardBCell.swift in Sources */ = {isa = PBXBuildFile; fileRef = 2C51FD2F1E41A61C00D68B88 /* CardBCell.swift */; };
		2C51FD351E41A61C00D68B88 /* CardBCell.xib in Resources */ = {isa = PBXBuildFile; fileRef = 2C51FD301E41A61C00D68B88 /* CardBCell.xib */; };
		2C51FD361E41A61C00D68B88 /* CardCCell.swift in Sources */ = {isa = PBXBuildFile; fileRef = 2C51FD311E41A61C00D68B88 /* CardCCell.swift */; };
		2C51FD371E41A61C00D68B88 /* CardCCell.xib in Resources */ = {isa = PBXBuildFile; fileRef = 2C51FD321E41A61C00D68B88 /* CardCCell.xib */; };
		2C51FD391E41A62500D68B88 /* SecondViewController.swift in Sources */ = {isa = PBXBuildFile; fileRef = 2C51FD381E41A62500D68B88 /* SecondViewController.swift */; };
		2C51FD3F1E41D64200D68B88 /* Express103Card.swift in Sources */ = {isa = PBXBuildFile; fileRef = 2C51FD3E1E41D64200D68B88 /* Express103Card.swift */; };
		2C51FD411E41D64C00D68B88 /* Express103Card.xib in Resources */ = {isa = PBXBuildFile; fileRef = 2C51FD401E41D64C00D68B88 /* Express103Card.xib */; };
		2C7103061E372A3000AC46BD /* CouponTableViewController.swift in Sources */ = {isa = PBXBuildFile; fileRef = 2C7103051E372A3000AC46BD /* CouponTableViewController.swift */; };
		2C7103081E372A4D00AC46BD /* CouponDatabase.swift in Sources */ = {isa = PBXBuildFile; fileRef = 2C7103071E372A4D00AC46BD /* CouponDatabase.swift */; };
		2C9F92EF1E497A9600FBFEFB /* HyphenCard.swift in Sources */ = {isa = PBXBuildFile; fileRef = 2C9F92EE1E497A9600FBFEFB /* HyphenCard.swift */; };
		2C9F92F11E497A9D00FBFEFB /* HyphenCard.xib in Resources */ = {isa = PBXBuildFile; fileRef = 2C9F92F01E497A9D00FBFEFB /* HyphenCard.xib */; };
		2C9F92F31E497C4E00FBFEFB /* MoiritaCard.swift in Sources */ = {isa = PBXBuildFile; fileRef = 2C9F92F21E497C4E00FBFEFB /* MoiritaCard.swift */; };
		2C9F92F51E497C5500FBFEFB /* MoiritaCard.xib in Resources */ = {isa = PBXBuildFile; fileRef = 2C9F92F41E497C5500FBFEFB /* MoiritaCard.xib */; };
		2C9F92F71E497D3500FBFEFB /* SandPressoCard.swift in Sources */ = {isa = PBXBuildFile; fileRef = 2C9F92F61E497D3500FBFEFB /* SandPressoCard.swift */; };
		2C9F92F91E497D3C00FBFEFB /* SandPressoCard.xib in Resources */ = {isa = PBXBuildFile; fileRef = 2C9F92F81E497D3C00FBFEFB /* SandPressoCard.xib */; };
		2C9F93011E4980E500FBFEFB /* HandsomeCard.swift in Sources */ = {isa = PBXBuildFile; fileRef = 2C9F93001E4980E500FBFEFB /* HandsomeCard.swift */; };
		2C9F93031E4980ED00FBFEFB /* HandsomeCard.xib in Resources */ = {isa = PBXBuildFile; fileRef = 2C9F93021E4980ED00FBFEFB /* HandsomeCard.xib */; };
		2C9F93091E49830300FBFEFB /* CafeMotungiCard.swift in Sources */ = {isa = PBXBuildFile; fileRef = 2C9F93081E49830300FBFEFB /* CafeMotungiCard.swift */; };
		2C9F930B1E49830800FBFEFB /* CafeMotungiCard.xib in Resources */ = {isa = PBXBuildFile; fileRef = 2C9F930A1E49830800FBFEFB /* CafeMotungiCard.xib */; };
		2C9F930D1E49848200FBFEFB /* CafeILLungoCard.swift in Sources */ = {isa = PBXBuildFile; fileRef = 2C9F930C1E49848200FBFEFB /* CafeILLungoCard.swift */; };
		2C9F930F1E49848B00FBFEFB /* CafeILLungoCard.xib in Resources */ = {isa = PBXBuildFile; fileRef = 2C9F930E1E49848B00FBFEFB /* CafeILLungoCard.xib */; };
		2C9F93111E49A31600FBFEFB /* DeChocolateCard.swift in Sources */ = {isa = PBXBuildFile; fileRef = 2C9F93101E49A31600FBFEFB /* DeChocolateCard.swift */; };
		2C9F93131E49A32200FBFEFB /* DeChocolateCard.xib in Resources */ = {isa = PBXBuildFile; fileRef = 2C9F93121E49A32200FBFEFB /* DeChocolateCard.xib */; };
		2C9F93151E49A5F200FBFEFB /* MostCard.swift in Sources */ = {isa = PBXBuildFile; fileRef = 2C9F93141E49A5F200FBFEFB /* MostCard.swift */; };
		2C9F93171E49A5F700FBFEFB /* MostCard.xib in Resources */ = {isa = PBXBuildFile; fileRef = 2C9F93161E49A5F700FBFEFB /* MostCard.xib */; };
		2C9F931B1E49B7E800FBFEFB /* ServerClient.swift in Sources */ = {isa = PBXBuildFile; fileRef = 2C9F931A1E49B7E800FBFEFB /* ServerClient.swift */; };
		2CBA894D1E4C5F0300AACD25 /* AlmostFilledTableViewController.swift in Sources */ = {isa = PBXBuildFile; fileRef = 2CBA894C1E4C5F0300AACD25 /* AlmostFilledTableViewController.swift */; };
		2CD076341E486CD500CF1484 /* QRCodeViewController.swift in Sources */ = {isa = PBXBuildFile; fileRef = 2CD076331E486CD500CF1484 /* QRCodeViewController.swift */; };
		38C586DE7D5C4D2AA39F11F2 /* Pods_Coupon_for_U_Anam.framework in Frameworks */ = {isa = PBXBuildFile; fileRef = ACF69A712480753B4A5A3827 /* Pods_Coupon_for_U_Anam.framework */; };
/* End PBXBuildFile section */

/* Begin PBXContainerItemProxy section */
		24AC38501E26214200EEC55B /* PBXContainerItemProxy */ = {
			isa = PBXContainerItemProxy;
			containerPortal = 24AC38331E26214100EEC55B /* Project object */;
			proxyType = 1;
			remoteGlobalIDString = 24AC383A1E26214100EEC55B;
			remoteInfo = Coupon_for_U_Anam;
		};
		24AC385B1E26214200EEC55B /* PBXContainerItemProxy */ = {
			isa = PBXContainerItemProxy;
			containerPortal = 24AC38331E26214100EEC55B /* Project object */;
			proxyType = 1;
			remoteGlobalIDString = 24AC383A1E26214100EEC55B;
			remoteInfo = Coupon_for_U_Anam;
		};
/* End PBXContainerItemProxy section */

/* Begin PBXFileReference section */
		0FD71D3ECC2C80FF250E2839 /* Pods-Coupon_for_U_Anam.release.xcconfig */ = {isa = PBXFileReference; includeInIndex = 1; lastKnownFileType = text.xcconfig; name = "Pods-Coupon_for_U_Anam.release.xcconfig"; path = "Pods/Target Support Files/Pods-Coupon_for_U_Anam/Pods-Coupon_for_U_Anam.release.xcconfig"; sourceTree = "<group>"; };
		24AC383B1E26214100EEC55B /* Coupon_for_U_Anam.app */ = {isa = PBXFileReference; explicitFileType = wrapper.application; includeInIndex = 0; path = Coupon_for_U_Anam.app; sourceTree = BUILT_PRODUCTS_DIR; };
		24AC383E1E26214100EEC55B /* AppDelegate.swift */ = {isa = PBXFileReference; lastKnownFileType = sourcecode.swift; path = AppDelegate.swift; sourceTree = "<group>"; };
		24AC38401E26214100EEC55B /* ViewController.swift */ = {isa = PBXFileReference; lastKnownFileType = sourcecode.swift; path = ViewController.swift; sourceTree = "<group>"; };
		24AC38431E26214100EEC55B /* Base */ = {isa = PBXFileReference; lastKnownFileType = file.storyboard; name = Base; path = Base.lproj/Main.storyboard; sourceTree = "<group>"; };
		24AC38451E26214100EEC55B /* Assets.xcassets */ = {isa = PBXFileReference; lastKnownFileType = folder.assetcatalog; path = Assets.xcassets; sourceTree = "<group>"; };
		24AC38481E26214100EEC55B /* Base */ = {isa = PBXFileReference; lastKnownFileType = file.storyboard; name = Base; path = Base.lproj/LaunchScreen.storyboard; sourceTree = "<group>"; };
		24AC384A1E26214100EEC55B /* Info.plist */ = {isa = PBXFileReference; lastKnownFileType = text.plist.xml; path = Info.plist; sourceTree = "<group>"; };
		24AC384F1E26214200EEC55B /* Coupon_for_U_AnamTests.xctest */ = {isa = PBXFileReference; explicitFileType = wrapper.cfbundle; includeInIndex = 0; path = Coupon_for_U_AnamTests.xctest; sourceTree = BUILT_PRODUCTS_DIR; };
		24AC38531E26214200EEC55B /* Coupon_for_U_AnamTests.swift */ = {isa = PBXFileReference; lastKnownFileType = sourcecode.swift; path = Coupon_for_U_AnamTests.swift; sourceTree = "<group>"; };
		24AC38551E26214200EEC55B /* Info.plist */ = {isa = PBXFileReference; lastKnownFileType = text.plist.xml; path = Info.plist; sourceTree = "<group>"; };
		24AC385A1E26214200EEC55B /* Coupon_for_U_AnamUITests.xctest */ = {isa = PBXFileReference; explicitFileType = wrapper.cfbundle; includeInIndex = 0; path = Coupon_for_U_AnamUITests.xctest; sourceTree = BUILT_PRODUCTS_DIR; };
		24AC385E1E26214200EEC55B /* Coupon_for_U_AnamUITests.swift */ = {isa = PBXFileReference; lastKnownFileType = sourcecode.swift; path = Coupon_for_U_AnamUITests.swift; sourceTree = "<group>"; };
		24AC38601E26214200EEC55B /* Info.plist */ = {isa = PBXFileReference; lastKnownFileType = text.plist.xml; path = Info.plist; sourceTree = "<group>"; };
		24AC38B21E277A4600EEC55B /* CHContentViewController.swift */ = {isa = PBXFileReference; fileEncoding = 4; lastKnownFileType = sourcecode.swift; path = CHContentViewController.swift; sourceTree = "<group>"; };
		24AC38B31E277A4600EEC55B /* CHControls.swift */ = {isa = PBXFileReference; fileEncoding = 4; lastKnownFileType = sourcecode.swift; path = CHControls.swift; sourceTree = "<group>"; };
		24AC38B41E277A4600EEC55B /* CHModalViewController.swift */ = {isa = PBXFileReference; fileEncoding = 4; lastKnownFileType = sourcecode.swift; path = CHModalViewController.swift; sourceTree = "<group>"; };
		24AC38B51E277A4600EEC55B /* CHPagingScrollViewController.swift */ = {isa = PBXFileReference; fileEncoding = 4; lastKnownFileType = sourcecode.swift; path = CHPagingScrollViewController.swift; sourceTree = "<group>"; };
		24AC38B61E277A4600EEC55B /* CHPickerViewController.swift */ = {isa = PBXFileReference; fileEncoding = 4; lastKnownFileType = sourcecode.swift; path = CHPickerViewController.swift; sourceTree = "<group>"; };
		24AC38B71E277A4600EEC55B /* DrawingCanvasView.swift */ = {isa = PBXFileReference; fileEncoding = 4; lastKnownFileType = sourcecode.swift; path = DrawingCanvasView.swift; sourceTree = "<group>"; };
		24AC38B81E277A4600EEC55B /* FIlters.swift */ = {isa = PBXFileReference; fileEncoding = 4; lastKnownFileType = sourcecode.swift; path = FIlters.swift; sourceTree = "<group>"; };
		24AC38B91E277A4600EEC55B /* NavigationControllers.swift */ = {isa = PBXFileReference; fileEncoding = 4; lastKnownFileType = sourcecode.swift; path = NavigationControllers.swift; sourceTree = "<group>"; };
		24AC38BA1E277A4600EEC55B /* RecordButton.swift */ = {isa = PBXFileReference; fileEncoding = 4; lastKnownFileType = sourcecode.swift; path = RecordButton.swift; sourceTree = "<group>"; };
		24AC38BB1E277A4600EEC55B /* UIViewController+Navigation.swift */ = {isa = PBXFileReference; fileEncoding = 4; lastKnownFileType = sourcecode.swift; path = "UIViewController+Navigation.swift"; sourceTree = "<group>"; };
		2C14FD8E1E444A6C001B482F /* Gram14Card.swift */ = {isa = PBXFileReference; fileEncoding = 4; lastKnownFileType = sourcecode.swift; path = Gram14Card.swift; sourceTree = "<group>"; };
		2C14FD901E444A85001B482F /* Gram14Card.xib */ = {isa = PBXFileReference; fileEncoding = 4; lastKnownFileType = file.xib; path = Gram14Card.xib; sourceTree = "<group>"; };
		2C14FD921E44519F001B482F /* Do58Card.swift */ = {isa = PBXFileReference; fileEncoding = 4; lastKnownFileType = sourcecode.swift; path = Do58Card.swift; sourceTree = "<group>"; };
		2C14FD941E4451EB001B482F /* Do58Card.xib */ = {isa = PBXFileReference; fileEncoding = 4; lastKnownFileType = file.xib; path = Do58Card.xib; sourceTree = "<group>"; };
		2C14FD961E44537F001B482F /* DearBreadCard.swift */ = {isa = PBXFileReference; fileEncoding = 4; lastKnownFileType = sourcecode.swift; path = DearBreadCard.swift; sourceTree = "<group>"; };
		2C14FD981E445399001B482F /* DearBreadCard.xib */ = {isa = PBXFileReference; fileEncoding = 4; lastKnownFileType = file.xib; path = DearBreadCard.xib; sourceTree = "<group>"; };
		2C14FD9A1E445B00001B482F /* CafeDeNataCard.swift */ = {isa = PBXFileReference; fileEncoding = 4; lastKnownFileType = sourcecode.swift; path = CafeDeNataCard.swift; sourceTree = "<group>"; };
		2C14FD9C1E445B0D001B482F /* CafeDeNataCard.xib */ = {isa = PBXFileReference; fileEncoding = 4; lastKnownFileType = file.xib; path = CafeDeNataCard.xib; sourceTree = "<group>"; };
		2C51FD2C1E41A60700D68B88 /* CardACell.swift */ = {isa = PBXFileReference; fileEncoding = 4; lastKnownFileType = sourcecode.swift; path = CardACell.swift; sourceTree = "<group>"; };
		2C51FD2E1E41A61C00D68B88 /* CardACell.xib */ = {isa = PBXFileReference; fileEncoding = 4; lastKnownFileType = file.xib; path = CardACell.xib; sourceTree = "<group>"; };
		2C51FD2F1E41A61C00D68B88 /* CardBCell.swift */ = {isa = PBXFileReference; fileEncoding = 4; lastKnownFileType = sourcecode.swift; path = CardBCell.swift; sourceTree = "<group>"; };
		2C51FD301E41A61C00D68B88 /* CardBCell.xib */ = {isa = PBXFileReference; fileEncoding = 4; lastKnownFileType = file.xib; path = CardBCell.xib; sourceTree = "<group>"; };
		2C51FD311E41A61C00D68B88 /* CardCCell.swift */ = {isa = PBXFileReference; fileEncoding = 4; lastKnownFileType = sourcecode.swift; path = CardCCell.swift; sourceTree = "<group>"; };
		2C51FD321E41A61C00D68B88 /* CardCCell.xib */ = {isa = PBXFileReference; fileEncoding = 4; lastKnownFileType = file.xib; path = CardCCell.xib; sourceTree = "<group>"; };
		2C51FD381E41A62500D68B88 /* SecondViewController.swift */ = {isa = PBXFileReference; fileEncoding = 4; lastKnownFileType = sourcecode.swift; path = SecondViewController.swift; sourceTree = "<group>"; };
		2C51FD3E1E41D64200D68B88 /* Express103Card.swift */ = {isa = PBXFileReference; fileEncoding = 4; lastKnownFileType = sourcecode.swift; path = Express103Card.swift; sourceTree = "<group>"; };
		2C51FD401E41D64C00D68B88 /* Express103Card.xib */ = {isa = PBXFileReference; fileEncoding = 4; lastKnownFileType = file.xib; path = Express103Card.xib; sourceTree = "<group>"; };
		2C7103051E372A3000AC46BD /* CouponTableViewController.swift */ = {isa = PBXFileReference; fileEncoding = 4; lastKnownFileType = sourcecode.swift; path = CouponTableViewController.swift; sourceTree = "<group>"; };
		2C7103071E372A4D00AC46BD /* CouponDatabase.swift */ = {isa = PBXFileReference; fileEncoding = 4; lastKnownFileType = sourcecode.swift; path = CouponDatabase.swift; sourceTree = "<group>"; };
		2C9F92EE1E497A9600FBFEFB /* HyphenCard.swift */ = {isa = PBXFileReference; fileEncoding = 4; lastKnownFileType = sourcecode.swift; path = HyphenCard.swift; sourceTree = "<group>"; };
		2C9F92F01E497A9D00FBFEFB /* HyphenCard.xib */ = {isa = PBXFileReference; fileEncoding = 4; lastKnownFileType = file.xib; path = HyphenCard.xib; sourceTree = "<group>"; };
		2C9F92F21E497C4E00FBFEFB /* MoiritaCard.swift */ = {isa = PBXFileReference; fileEncoding = 4; lastKnownFileType = sourcecode.swift; path = MoiritaCard.swift; sourceTree = "<group>"; };
		2C9F92F41E497C5500FBFEFB /* MoiritaCard.xib */ = {isa = PBXFileReference; fileEncoding = 4; lastKnownFileType = file.xib; path = MoiritaCard.xib; sourceTree = "<group>"; };
		2C9F92F61E497D3500FBFEFB /* SandPressoCard.swift */ = {isa = PBXFileReference; fileEncoding = 4; lastKnownFileType = sourcecode.swift; path = SandPressoCard.swift; sourceTree = "<group>"; };
		2C9F92F81E497D3C00FBFEFB /* SandPressoCard.xib */ = {isa = PBXFileReference; fileEncoding = 4; lastKnownFileType = file.xib; path = SandPressoCard.xib; sourceTree = "<group>"; };
		2C9F93001E4980E500FBFEFB /* HandsomeCard.swift */ = {isa = PBXFileReference; fileEncoding = 4; lastKnownFileType = sourcecode.swift; path = HandsomeCard.swift; sourceTree = "<group>"; };
		2C9F93021E4980ED00FBFEFB /* HandsomeCard.xib */ = {isa = PBXFileReference; fileEncoding = 4; lastKnownFileType = file.xib; path = HandsomeCard.xib; sourceTree = "<group>"; };
		2C9F93081E49830300FBFEFB /* CafeMotungiCard.swift */ = {isa = PBXFileReference; fileEncoding = 4; lastKnownFileType = sourcecode.swift; path = CafeMotungiCard.swift; sourceTree = "<group>"; };
		2C9F930A1E49830800FBFEFB /* CafeMotungiCard.xib */ = {isa = PBXFileReference; fileEncoding = 4; lastKnownFileType = file.xib; path = CafeMotungiCard.xib; sourceTree = "<group>"; };
		2C9F930C1E49848200FBFEFB /* CafeILLungoCard.swift */ = {isa = PBXFileReference; fileEncoding = 4; lastKnownFileType = sourcecode.swift; path = CafeILLungoCard.swift; sourceTree = "<group>"; };
		2C9F930E1E49848B00FBFEFB /* CafeILLungoCard.xib */ = {isa = PBXFileReference; fileEncoding = 4; lastKnownFileType = file.xib; path = CafeILLungoCard.xib; sourceTree = "<group>"; };
		2C9F93101E49A31600FBFEFB /* DeChocolateCard.swift */ = {isa = PBXFileReference; fileEncoding = 4; lastKnownFileType = sourcecode.swift; path = DeChocolateCard.swift; sourceTree = "<group>"; };
		2C9F93121E49A32200FBFEFB /* DeChocolateCard.xib */ = {isa = PBXFileReference; fileEncoding = 4; lastKnownFileType = file.xib; path = DeChocolateCard.xib; sourceTree = "<group>"; };
		2C9F93141E49A5F200FBFEFB /* MostCard.swift */ = {isa = PBXFileReference; fileEncoding = 4; lastKnownFileType = sourcecode.swift; path = MostCard.swift; sourceTree = "<group>"; };
		2C9F93161E49A5F700FBFEFB /* MostCard.xib */ = {isa = PBXFileReference; fileEncoding = 4; lastKnownFileType = file.xib; path = MostCard.xib; sourceTree = "<group>"; };
		2C9F931A1E49B7E800FBFEFB /* ServerClient.swift */ = {isa = PBXFileReference; fileEncoding = 4; lastKnownFileType = sourcecode.swift; path = ServerClient.swift; sourceTree = "<group>"; };
		2CBA894C1E4C5F0300AACD25 /* AlmostFilledTableViewController.swift */ = {isa = PBXFileReference; fileEncoding = 4; lastKnownFileType = sourcecode.swift; path = AlmostFilledTableViewController.swift; sourceTree = "<group>"; };
		2CD076331E486CD500CF1484 /* QRCodeViewController.swift */ = {isa = PBXFileReference; fileEncoding = 4; lastKnownFileType = sourcecode.swift; name = QRCodeViewController.swift; path = ../QRCodeViewController.swift; sourceTree = "<group>"; };
		9D04700B46BFA52D88258DA4 /* Pods-Coupon_for_U_Anam.debug.xcconfig */ = {isa = PBXFileReference; includeInIndex = 1; lastKnownFileType = text.xcconfig; name = "Pods-Coupon_for_U_Anam.debug.xcconfig"; path = "Pods/Target Support Files/Pods-Coupon_for_U_Anam/Pods-Coupon_for_U_Anam.debug.xcconfig"; sourceTree = "<group>"; };
		ACF69A712480753B4A5A3827 /* Pods_Coupon_for_U_Anam.framework */ = {isa = PBXFileReference; explicitFileType = wrapper.framework; includeInIndex = 0; path = Pods_Coupon_for_U_Anam.framework; sourceTree = BUILT_PRODUCTS_DIR; };
/* End PBXFileReference section */

/* Begin PBXFrameworksBuildPhase section */
		24AC38381E26214100EEC55B /* Frameworks */ = {
			isa = PBXFrameworksBuildPhase;
			buildActionMask = 2147483647;
			files = (
				38C586DE7D5C4D2AA39F11F2 /* Pods_Coupon_for_U_Anam.framework in Frameworks */,
			);
			runOnlyForDeploymentPostprocessing = 0;
		};
		24AC384C1E26214200EEC55B /* Frameworks */ = {
			isa = PBXFrameworksBuildPhase;
			buildActionMask = 2147483647;
			files = (
			);
			runOnlyForDeploymentPostprocessing = 0;
		};
		24AC38571E26214200EEC55B /* Frameworks */ = {
			isa = PBXFrameworksBuildPhase;
			buildActionMask = 2147483647;
			files = (
			);
			runOnlyForDeploymentPostprocessing = 0;
		};
/* End PBXFrameworksBuildPhase section */

/* Begin PBXGroup section */
		24AC38321E26214100EEC55B = {
			isa = PBXGroup;
			children = (
				24AC383D1E26214100EEC55B /* Coupon_for_U_Anam */,
				24AC38521E26214200EEC55B /* Coupon_for_U_AnamTests */,
				24AC385D1E26214200EEC55B /* Coupon_for_U_AnamUITests */,
				24AC383C1E26214100EEC55B /* Products */,
				24AC38AC1E277A4600EEC55B /* Sources */,
				71CE3637E8857BBA0D7B62BE /* Pods */,
				29B50D7D17BC2766F5312E88 /* Frameworks */,
			);
			sourceTree = "<group>";
		};
		24AC383C1E26214100EEC55B /* Products */ = {
			isa = PBXGroup;
			children = (
				24AC383B1E26214100EEC55B /* Coupon_for_U_Anam.app */,
				24AC384F1E26214200EEC55B /* Coupon_for_U_AnamTests.xctest */,
				24AC385A1E26214200EEC55B /* Coupon_for_U_AnamUITests.xctest */,
			);
			name = Products;
			sourceTree = "<group>";
		};
		24AC383D1E26214100EEC55B /* Coupon_for_U_Anam */ = {
			isa = PBXGroup;
			children = (
				2CBA54E71E41A29200B30687 /* CardInfoView */,
				24AC383E1E26214100EEC55B /* AppDelegate.swift */,
				2CD076331E486CD500CF1484 /* QRCodeViewController.swift */,
				24AC38401E26214100EEC55B /* ViewController.swift */,
				24AC38421E26214100EEC55B /* Main.storyboard */,
				2C51FD381E41A62500D68B88 /* SecondViewController.swift */,
				24AC38451E26214100EEC55B /* Assets.xcassets */,
				24AC38471E26214100EEC55B /* LaunchScreen.storyboard */,
				24AC384A1E26214100EEC55B /* Info.plist */,
				2C7103051E372A3000AC46BD /* CouponTableViewController.swift */,
				2C7103071E372A4D00AC46BD /* CouponDatabase.swift */,
				2C9F931A1E49B7E800FBFEFB /* ServerClient.swift */,
				2CBA894C1E4C5F0300AACD25 /* AlmostFilledTableViewController.swift */,
			);
			path = Coupon_for_U_Anam;
			sourceTree = "<group>";
		};
		24AC38521E26214200EEC55B /* Coupon_for_U_AnamTests */ = {
			isa = PBXGroup;
			children = (
				24AC38531E26214200EEC55B /* Coupon_for_U_AnamTests.swift */,
				24AC38551E26214200EEC55B /* Info.plist */,
			);
			path = Coupon_for_U_AnamTests;
			sourceTree = "<group>";
		};
		24AC385D1E26214200EEC55B /* Coupon_for_U_AnamUITests */ = {
			isa = PBXGroup;
			children = (
				24AC385E1E26214200EEC55B /* Coupon_for_U_AnamUITests.swift */,
				24AC38601E26214200EEC55B /* Info.plist */,
			);
			path = Coupon_for_U_AnamUITests;
			sourceTree = "<group>";
		};
		24AC38AC1E277A4600EEC55B /* Sources */ = {
			isa = PBXGroup;
			children = (
				24AC38B21E277A4600EEC55B /* CHContentViewController.swift */,
				24AC38B31E277A4600EEC55B /* CHControls.swift */,
				24AC38B41E277A4600EEC55B /* CHModalViewController.swift */,
				24AC38B51E277A4600EEC55B /* CHPagingScrollViewController.swift */,
				24AC38B61E277A4600EEC55B /* CHPickerViewController.swift */,
				24AC38B71E277A4600EEC55B /* DrawingCanvasView.swift */,
				24AC38B81E277A4600EEC55B /* FIlters.swift */,
				24AC38B91E277A4600EEC55B /* NavigationControllers.swift */,
				24AC38BA1E277A4600EEC55B /* RecordButton.swift */,
				24AC38BB1E277A4600EEC55B /* UIViewController+Navigation.swift */,
			);
			path = Sources;
			sourceTree = "<group>";
		};
		29B50D7D17BC2766F5312E88 /* Frameworks */ = {
			isa = PBXGroup;
			children = (
				ACF69A712480753B4A5A3827 /* Pods_Coupon_for_U_Anam.framework */,
			);
			name = Frameworks;
			sourceTree = "<group>";
		};
		2CBA54E71E41A29200B30687 /* CardInfoView */ = {
			isa = PBXGroup;
			children = (
				2C51FD3E1E41D64200D68B88 /* Express103Card.swift */,
				2C51FD401E41D64C00D68B88 /* Express103Card.xib */,
				2C9F93001E4980E500FBFEFB /* HandsomeCard.swift */,
				2C9F93021E4980ED00FBFEFB /* HandsomeCard.xib */,
				2C9F93081E49830300FBFEFB /* CafeMotungiCard.swift */,
				2C9F930A1E49830800FBFEFB /* CafeMotungiCard.xib */,
				2C9F930C1E49848200FBFEFB /* CafeILLungoCard.swift */,
				2C9F930E1E49848B00FBFEFB /* CafeILLungoCard.xib */,
				2C14FD9A1E445B00001B482F /* CafeDeNataCard.swift */,
				2C14FD9C1E445B0D001B482F /* CafeDeNataCard.xib */,
				2C9F93141E49A5F200FBFEFB /* MostCard.swift */,
				2C9F93161E49A5F700FBFEFB /* MostCard.xib */,
				2C14FD961E44537F001B482F /* DearBreadCard.swift */,
				2C14FD981E445399001B482F /* DearBreadCard.xib */,
				2C14FD921E44519F001B482F /* Do58Card.swift */,
				2C14FD941E4451EB001B482F /* Do58Card.xib */,
				2C9F92EE1E497A9600FBFEFB /* HyphenCard.swift */,
				2C9F92F01E497A9D00FBFEFB /* HyphenCard.xib */,
				2C9F93101E49A31600FBFEFB /* DeChocolateCard.swift */,
				2C9F93121E49A32200FBFEFB /* DeChocolateCard.xib */,
				2C9F92F21E497C4E00FBFEFB /* MoiritaCard.swift */,
				2C9F92F41E497C5500FBFEFB /* MoiritaCard.xib */,
				2C9F92F61E497D3500FBFEFB /* SandPressoCard.swift */,
				2C9F92F81E497D3C00FBFEFB /* SandPressoCard.xib */,
				2C14FD8E1E444A6C001B482F /* Gram14Card.swift */,
				2C14FD901E444A85001B482F /* Gram14Card.xib */,
				2C51FD2C1E41A60700D68B88 /* CardACell.swift */,
				2C51FD2E1E41A61C00D68B88 /* CardACell.xib */,
				2C51FD2F1E41A61C00D68B88 /* CardBCell.swift */,
				2C51FD301E41A61C00D68B88 /* CardBCell.xib */,
				2C51FD311E41A61C00D68B88 /* CardCCell.swift */,
				2C51FD321E41A61C00D68B88 /* CardCCell.xib */,
			);
			name = CardInfoView;
			sourceTree = "<group>";
		};
		71CE3637E8857BBA0D7B62BE /* Pods */ = {
			isa = PBXGroup;
			children = (
				9D04700B46BFA52D88258DA4 /* Pods-Coupon_for_U_Anam.debug.xcconfig */,
				0FD71D3ECC2C80FF250E2839 /* Pods-Coupon_for_U_Anam.release.xcconfig */,
			);
			name = Pods;
			sourceTree = "<group>";
		};
/* End PBXGroup section */

/* Begin PBXNativeTarget section */
		24AC383A1E26214100EEC55B /* Coupon_for_U_Anam */ = {
			isa = PBXNativeTarget;
			buildConfigurationList = 24AC38631E26214200EEC55B /* Build configuration list for PBXNativeTarget "Coupon_for_U_Anam" */;
			buildPhases = (
				1261D439F9F6FF85D0CE635B /* [CP] Check Pods Manifest.lock */,
				24AC38371E26214100EEC55B /* Sources */,
				24AC38381E26214100EEC55B /* Frameworks */,
				24AC38391E26214100EEC55B /* Resources */,
				9C1372B5AEAB04BF86C76457 /* [CP] Embed Pods Frameworks */,
				C3103D40DC6F07C4887AA3D0 /* [CP] Copy Pods Resources */,
			);
			buildRules = (
			);
			dependencies = (
			);
			name = Coupon_for_U_Anam;
			productName = Coupon_for_U_Anam;
			productReference = 24AC383B1E26214100EEC55B /* Coupon_for_U_Anam.app */;
			productType = "com.apple.product-type.application";
		};
		24AC384E1E26214200EEC55B /* Coupon_for_U_AnamTests */ = {
			isa = PBXNativeTarget;
			buildConfigurationList = 24AC38661E26214200EEC55B /* Build configuration list for PBXNativeTarget "Coupon_for_U_AnamTests" */;
			buildPhases = (
				24AC384B1E26214200EEC55B /* Sources */,
				24AC384C1E26214200EEC55B /* Frameworks */,
				24AC384D1E26214200EEC55B /* Resources */,
			);
			buildRules = (
			);
			dependencies = (
				24AC38511E26214200EEC55B /* PBXTargetDependency */,
			);
			name = Coupon_for_U_AnamTests;
			productName = Coupon_for_U_AnamTests;
			productReference = 24AC384F1E26214200EEC55B /* Coupon_for_U_AnamTests.xctest */;
			productType = "com.apple.product-type.bundle.unit-test";
		};
		24AC38591E26214200EEC55B /* Coupon_for_U_AnamUITests */ = {
			isa = PBXNativeTarget;
			buildConfigurationList = 24AC38691E26214200EEC55B /* Build configuration list for PBXNativeTarget "Coupon_for_U_AnamUITests" */;
			buildPhases = (
				24AC38561E26214200EEC55B /* Sources */,
				24AC38571E26214200EEC55B /* Frameworks */,
				24AC38581E26214200EEC55B /* Resources */,
			);
			buildRules = (
			);
			dependencies = (
				24AC385C1E26214200EEC55B /* PBXTargetDependency */,
			);
			name = Coupon_for_U_AnamUITests;
			productName = Coupon_for_U_AnamUITests;
			productReference = 24AC385A1E26214200EEC55B /* Coupon_for_U_AnamUITests.xctest */;
			productType = "com.apple.product-type.bundle.ui-testing";
		};
/* End PBXNativeTarget section */

/* Begin PBXProject section */
		24AC38331E26214100EEC55B /* Project object */ = {
			isa = PBXProject;
			attributes = {
				LastSwiftUpdateCheck = 0820;
				LastUpgradeCheck = 0820;
				ORGANIZATIONNAME = dan1002;
				TargetAttributes = {
					24AC383A1E26214100EEC55B = {
						CreatedOnToolsVersion = 8.2.1;
						DevelopmentTeam = 4QG3GC35LA;
						ProvisioningStyle = Automatic;
					};
					24AC384E1E26214200EEC55B = {
						CreatedOnToolsVersion = 8.2.1;
						ProvisioningStyle = Automatic;
						TestTargetID = 24AC383A1E26214100EEC55B;
					};
					24AC38591E26214200EEC55B = {
						CreatedOnToolsVersion = 8.2.1;
						ProvisioningStyle = Automatic;
						TestTargetID = 24AC383A1E26214100EEC55B;
					};
				};
			};
			buildConfigurationList = 24AC38361E26214100EEC55B /* Build configuration list for PBXProject "Coupon_for_U_Anam" */;
			compatibilityVersion = "Xcode 3.2";
			developmentRegion = English;
			hasScannedForEncodings = 0;
			knownRegions = (
				en,
				Base,
			);
			mainGroup = 24AC38321E26214100EEC55B;
			productRefGroup = 24AC383C1E26214100EEC55B /* Products */;
			projectDirPath = "";
			projectRoot = "";
			targets = (
				24AC383A1E26214100EEC55B /* Coupon_for_U_Anam */,
				24AC384E1E26214200EEC55B /* Coupon_for_U_AnamTests */,
				24AC38591E26214200EEC55B /* Coupon_for_U_AnamUITests */,
			);
		};
/* End PBXProject section */

/* Begin PBXResourcesBuildPhase section */
		24AC38391E26214100EEC55B /* Resources */ = {
			isa = PBXResourcesBuildPhase;
			buildActionMask = 2147483647;
			files = (
				2C9F930F1E49848B00FBFEFB /* CafeILLungoCard.xib in Resources */,
				2C9F930B1E49830800FBFEFB /* CafeMotungiCard.xib in Resources */,
				2C14FD991E445399001B482F /* DearBreadCard.xib in Resources */,
				2C9F92F11E497A9D00FBFEFB /* HyphenCard.xib in Resources */,
				24AC38491E26214100EEC55B /* LaunchScreen.storyboard in Resources */,
				2C51FD331E41A61C00D68B88 /* CardACell.xib in Resources */,
				2C9F92F51E497C5500FBFEFB /* MoiritaCard.xib in Resources */,
				2C9F93131E49A32200FBFEFB /* DeChocolateCard.xib in Resources */,
				2C14FD9D1E445B0D001B482F /* CafeDeNataCard.xib in Resources */,
				24AC38461E26214100EEC55B /* Assets.xcassets in Resources */,
				2C51FD351E41A61C00D68B88 /* CardBCell.xib in Resources */,
				2C51FD411E41D64C00D68B88 /* Express103Card.xib in Resources */,
				2C9F93171E49A5F700FBFEFB /* MostCard.xib in Resources */,
				2C9F92F91E497D3C00FBFEFB /* SandPressoCard.xib in Resources */,
				2C14FD911E444A85001B482F /* Gram14Card.xib in Resources */,
				2C9F93031E4980ED00FBFEFB /* HandsomeCard.xib in Resources */,
				24AC38441E26214100EEC55B /* Main.storyboard in Resources */,
				2C14FD951E4451EB001B482F /* Do58Card.xib in Resources */,
				2C51FD371E41A61C00D68B88 /* CardCCell.xib in Resources */,
			);
			runOnlyForDeploymentPostprocessing = 0;
		};
		24AC384D1E26214200EEC55B /* Resources */ = {
			isa = PBXResourcesBuildPhase;
			buildActionMask = 2147483647;
			files = (
			);
			runOnlyForDeploymentPostprocessing = 0;
		};
		24AC38581E26214200EEC55B /* Resources */ = {
			isa = PBXResourcesBuildPhase;
			buildActionMask = 2147483647;
			files = (
			);
			runOnlyForDeploymentPostprocessing = 0;
		};
/* End PBXResourcesBuildPhase section */

/* Begin PBXShellScriptBuildPhase section */
		1261D439F9F6FF85D0CE635B /* [CP] Check Pods Manifest.lock */ = {
			isa = PBXShellScriptBuildPhase;
			buildActionMask = 2147483647;
			files = (
			);
			inputPaths = (
			);
			name = "[CP] Check Pods Manifest.lock";
			outputPaths = (
			);
			runOnlyForDeploymentPostprocessing = 0;
			shellPath = /bin/sh;
			shellScript = "diff \"${PODS_ROOT}/../Podfile.lock\" \"${PODS_ROOT}/Manifest.lock\" > /dev/null\nif [ $? != 0 ] ; then\n    # print error to STDERR\n    echo \"error: The sandbox is not in sync with the Podfile.lock. Run 'pod install' or update your CocoaPods installation.\" >&2\n    exit 1\nfi\n";
			showEnvVarsInLog = 0;
		};
		9C1372B5AEAB04BF86C76457 /* [CP] Embed Pods Frameworks */ = {
			isa = PBXShellScriptBuildPhase;
			buildActionMask = 2147483647;
			files = (
			);
			inputPaths = (
			);
			name = "[CP] Embed Pods Frameworks";
			outputPaths = (
			);
			runOnlyForDeploymentPostprocessing = 0;
			shellPath = /bin/sh;
			shellScript = "\"${SRCROOT}/Pods/Target Support Files/Pods-Coupon_for_U_Anam/Pods-Coupon_for_U_Anam-frameworks.sh\"\n";
			showEnvVarsInLog = 0;
		};
		C3103D40DC6F07C4887AA3D0 /* [CP] Copy Pods Resources */ = {
			isa = PBXShellScriptBuildPhase;
			buildActionMask = 2147483647;
			files = (
			);
			inputPaths = (
			);
			name = "[CP] Copy Pods Resources";
			outputPaths = (
			);
			runOnlyForDeploymentPostprocessing = 0;
			shellPath = /bin/sh;
			shellScript = "\"${SRCROOT}/Pods/Target Support Files/Pods-Coupon_for_U_Anam/Pods-Coupon_for_U_Anam-resources.sh\"\n";
			showEnvVarsInLog = 0;
		};
/* End PBXShellScriptBuildPhase section */

/* Begin PBXSourcesBuildPhase section */
		24AC38371E26214100EEC55B /* Sources */ = {
			isa = PBXSourcesBuildPhase;
			buildActionMask = 2147483647;
			files = (
				24AC38C51E277A4600EEC55B /* CHPickerViewController.swift in Sources */,
				24AC38C71E277A4600EEC55B /* FIlters.swift in Sources */,
				2C7103081E372A4D00AC46BD /* CouponDatabase.swift in Sources */,
				2C9F930D1E49848200FBFEFB /* CafeILLungoCard.swift in Sources */,
				24AC38C21E277A4600EEC55B /* CHControls.swift in Sources */,
				24AC38411E26214100EEC55B /* ViewController.swift in Sources */,
				2C9F93151E49A5F200FBFEFB /* MostCard.swift in Sources */,
				24AC38C41E277A4600EEC55B /* CHPagingScrollViewController.swift in Sources */,
				2C51FD341E41A61C00D68B88 /* CardBCell.swift in Sources */,
				24AC38C11E277A4600EEC55B /* CHContentViewController.swift in Sources */,
				24AC383F1E26214100EEC55B /* AppDelegate.swift in Sources */,
				2C51FD361E41A61C00D68B88 /* CardCCell.swift in Sources */,
				2C14FD971E44537F001B482F /* DearBreadCard.swift in Sources */,
				24AC38C91E277A4600EEC55B /* RecordButton.swift in Sources */,
				24AC38CA1E277A4600EEC55B /* UIViewController+Navigation.swift in Sources */,
				2C51FD391E41A62500D68B88 /* SecondViewController.swift in Sources */,
				2C9F93011E4980E500FBFEFB /* HandsomeCard.swift in Sources */,
				2C51FD3F1E41D64200D68B88 /* Express103Card.swift in Sources */,
				2C9F92F31E497C4E00FBFEFB /* MoiritaCard.swift in Sources */,
				2C14FD9B1E445B00001B482F /* CafeDeNataCard.swift in Sources */,
				24AC38C81E277A4600EEC55B /* NavigationControllers.swift in Sources */,
				2C7103061E372A3000AC46BD /* CouponTableViewController.swift in Sources */,
				2CD076341E486CD500CF1484 /* QRCodeViewController.swift in Sources */,
				2C9F92F71E497D3500FBFEFB /* SandPressoCard.swift in Sources */,
				24AC38C31E277A4600EEC55B /* CHModalViewController.swift in Sources */,
				2C9F92EF1E497A9600FBFEFB /* HyphenCard.swift in Sources */,
				2C14FD8F1E444A6C001B482F /* Gram14Card.swift in Sources */,
				2C9F93111E49A31600FBFEFB /* DeChocolateCard.swift in Sources */,
				2C51FD2D1E41A60700D68B88 /* CardACell.swift in Sources */,
				24AC38C61E277A4600EEC55B /* DrawingCanvasView.swift in Sources */,
				2C14FD931E44519F001B482F /* Do58Card.swift in Sources */,
				2C9F931B1E49B7E800FBFEFB /* ServerClient.swift in Sources */,
				2C9F93091E49830300FBFEFB /* CafeMotungiCard.swift in Sources */,
				2CBA894D1E4C5F0300AACD25 /* AlmostFilledTableViewController.swift in Sources */,
			);
			runOnlyForDeploymentPostprocessing = 0;
		};
		24AC384B1E26214200EEC55B /* Sources */ = {
			isa = PBXSourcesBuildPhase;
			buildActionMask = 2147483647;
			files = (
				24AC38541E26214200EEC55B /* Coupon_for_U_AnamTests.swift in Sources */,
			);
			runOnlyForDeploymentPostprocessing = 0;
		};
		24AC38561E26214200EEC55B /* Sources */ = {
			isa = PBXSourcesBuildPhase;
			buildActionMask = 2147483647;
			files = (
				24AC385F1E26214200EEC55B /* Coupon_for_U_AnamUITests.swift in Sources */,
			);
			runOnlyForDeploymentPostprocessing = 0;
		};
/* End PBXSourcesBuildPhase section */

/* Begin PBXTargetDependency section */
		24AC38511E26214200EEC55B /* PBXTargetDependency */ = {
			isa = PBXTargetDependency;
			target = 24AC383A1E26214100EEC55B /* Coupon_for_U_Anam */;
			targetProxy = 24AC38501E26214200EEC55B /* PBXContainerItemProxy */;
		};
		24AC385C1E26214200EEC55B /* PBXTargetDependency */ = {
			isa = PBXTargetDependency;
			target = 24AC383A1E26214100EEC55B /* Coupon_for_U_Anam */;
			targetProxy = 24AC385B1E26214200EEC55B /* PBXContainerItemProxy */;
		};
/* End PBXTargetDependency section */

/* Begin PBXVariantGroup section */
		24AC38421E26214100EEC55B /* Main.storyboard */ = {
			isa = PBXVariantGroup;
			children = (
				24AC38431E26214100EEC55B /* Base */,
			);
			name = Main.storyboard;
			sourceTree = "<group>";
		};
		24AC38471E26214100EEC55B /* LaunchScreen.storyboard */ = {
			isa = PBXVariantGroup;
			children = (
				24AC38481E26214100EEC55B /* Base */,
			);
			name = LaunchScreen.storyboard;
			sourceTree = "<group>";
		};
/* End PBXVariantGroup section */

/* Begin XCBuildConfiguration section */
		24AC38611E26214200EEC55B /* Debug */ = {
			isa = XCBuildConfiguration;
			buildSettings = {
				ALWAYS_SEARCH_USER_PATHS = NO;
				CLANG_ANALYZER_NONNULL = YES;
				CLANG_CXX_LANGUAGE_STANDARD = "gnu++0x";
				CLANG_CXX_LIBRARY = "libc++";
				CLANG_ENABLE_MODULES = YES;
				CLANG_ENABLE_OBJC_ARC = YES;
				CLANG_WARN_BOOL_CONVERSION = YES;
				CLANG_WARN_CONSTANT_CONVERSION = YES;
				CLANG_WARN_DIRECT_OBJC_ISA_USAGE = YES_ERROR;
				CLANG_WARN_DOCUMENTATION_COMMENTS = YES;
				CLANG_WARN_EMPTY_BODY = YES;
				CLANG_WARN_ENUM_CONVERSION = YES;
				CLANG_WARN_INFINITE_RECURSION = YES;
				CLANG_WARN_INT_CONVERSION = YES;
				CLANG_WARN_OBJC_ROOT_CLASS = YES_ERROR;
				CLANG_WARN_SUSPICIOUS_MOVE = YES;
				CLANG_WARN_UNREACHABLE_CODE = YES;
				CLANG_WARN__DUPLICATE_METHOD_MATCH = YES;
				"CODE_SIGN_IDENTITY[sdk=iphoneos*]" = "iPhone Developer";
				COPY_PHASE_STRIP = NO;
				DEBUG_INFORMATION_FORMAT = dwarf;
				ENABLE_STRICT_OBJC_MSGSEND = YES;
				ENABLE_TESTABILITY = YES;
				GCC_C_LANGUAGE_STANDARD = gnu99;
				GCC_DYNAMIC_NO_PIC = NO;
				GCC_NO_COMMON_BLOCKS = YES;
				GCC_OPTIMIZATION_LEVEL = 0;
				GCC_PREPROCESSOR_DEFINITIONS = (
					"DEBUG=1",
					"$(inherited)",
				);
				GCC_WARN_64_TO_32_BIT_CONVERSION = YES;
				GCC_WARN_ABOUT_RETURN_TYPE = YES_ERROR;
				GCC_WARN_UNDECLARED_SELECTOR = YES;
				GCC_WARN_UNINITIALIZED_AUTOS = YES_AGGRESSIVE;
				GCC_WARN_UNUSED_FUNCTION = YES;
				GCC_WARN_UNUSED_VARIABLE = YES;
				IPHONEOS_DEPLOYMENT_TARGET = 10.1;
				MTL_ENABLE_DEBUG_INFO = YES;
				ONLY_ACTIVE_ARCH = YES;
				SDKROOT = iphoneos;
				SWIFT_ACTIVE_COMPILATION_CONDITIONS = DEBUG;
				SWIFT_OPTIMIZATION_LEVEL = "-Onone";
				TARGETED_DEVICE_FAMILY = "1,2";
			};
			name = Debug;
		};
		24AC38621E26214200EEC55B /* Release */ = {
			isa = XCBuildConfiguration;
			buildSettings = {
				ALWAYS_SEARCH_USER_PATHS = NO;
				CLANG_ANALYZER_NONNULL = YES;
				CLANG_CXX_LANGUAGE_STANDARD = "gnu++0x";
				CLANG_CXX_LIBRARY = "libc++";
				CLANG_ENABLE_MODULES = YES;
				CLANG_ENABLE_OBJC_ARC = YES;
				CLANG_WARN_BOOL_CONVERSION = YES;
				CLANG_WARN_CONSTANT_CONVERSION = YES;
				CLANG_WARN_DIRECT_OBJC_ISA_USAGE = YES_ERROR;
				CLANG_WARN_DOCUMENTATION_COMMENTS = YES;
				CLANG_WARN_EMPTY_BODY = YES;
				CLANG_WARN_ENUM_CONVERSION = YES;
				CLANG_WARN_INFINITE_RECURSION = YES;
				CLANG_WARN_INT_CONVERSION = YES;
				CLANG_WARN_OBJC_ROOT_CLASS = YES_ERROR;
				CLANG_WARN_SUSPICIOUS_MOVE = YES;
				CLANG_WARN_UNREACHABLE_CODE = YES;
				CLANG_WARN__DUPLICATE_METHOD_MATCH = YES;
				"CODE_SIGN_IDENTITY[sdk=iphoneos*]" = "iPhone Developer";
				COPY_PHASE_STRIP = NO;
				DEBUG_INFORMATION_FORMAT = "dwarf-with-dsym";
				ENABLE_NS_ASSERTIONS = NO;
				ENABLE_STRICT_OBJC_MSGSEND = YES;
				GCC_C_LANGUAGE_STANDARD = gnu99;
				GCC_NO_COMMON_BLOCKS = YES;
				GCC_WARN_64_TO_32_BIT_CONVERSION = YES;
				GCC_WARN_ABOUT_RETURN_TYPE = YES_ERROR;
				GCC_WARN_UNDECLARED_SELECTOR = YES;
				GCC_WARN_UNINITIALIZED_AUTOS = YES_AGGRESSIVE;
				GCC_WARN_UNUSED_FUNCTION = YES;
				GCC_WARN_UNUSED_VARIABLE = YES;
				IPHONEOS_DEPLOYMENT_TARGET = 10.1;
				MTL_ENABLE_DEBUG_INFO = NO;
				SDKROOT = iphoneos;
				SWIFT_OPTIMIZATION_LEVEL = "-Owholemodule";
				TARGETED_DEVICE_FAMILY = "1,2";
				VALIDATE_PRODUCT = YES;
			};
			name = Release;
		};
		24AC38641E26214200EEC55B /* Debug */ = {
			isa = XCBuildConfiguration;
			baseConfigurationReference = 9D04700B46BFA52D88258DA4 /* Pods-Coupon_for_U_Anam.debug.xcconfig */;
			buildSettings = {
				ASSETCATALOG_COMPILER_APPICON_NAME = AppIcon;
				DEVELOPMENT_TEAM = 4QG3GC35LA;
				INFOPLIST_FILE = Coupon_for_U_Anam/Info.plist;
				IPHONEOS_DEPLOYMENT_TARGET = 10.1;
				LD_RUNPATH_SEARCH_PATHS = "$(inherited) @executable_path/Frameworks";
				PRODUCT_BUNDLE_IDENTIFIER = "com.Coupon-for-U-Anam";
				PRODUCT_NAME = "$(TARGET_NAME)";
				SWIFT_VERSION = 3.0;
			};
			name = Debug;
		};
		24AC38651E26214200EEC55B /* Release */ = {
			isa = XCBuildConfiguration;
			baseConfigurationReference = 0FD71D3ECC2C80FF250E2839 /* Pods-Coupon_for_U_Anam.release.xcconfig */;
			buildSettings = {
				ASSETCATALOG_COMPILER_APPICON_NAME = AppIcon;
				DEVELOPMENT_TEAM = 4QG3GC35LA;
				INFOPLIST_FILE = Coupon_for_U_Anam/Info.plist;
				IPHONEOS_DEPLOYMENT_TARGET = 10.1;
				LD_RUNPATH_SEARCH_PATHS = "$(inherited) @executable_path/Frameworks";
				PRODUCT_BUNDLE_IDENTIFIER = "com.Coupon-for-U-Anam";
				PRODUCT_NAME = "$(TARGET_NAME)";
				SWIFT_VERSION = 3.0;
			};
			name = Release;
		};
		24AC38671E26214200EEC55B /* Debug */ = {
			isa = XCBuildConfiguration;
			buildSettings = {
				ALWAYS_EMBED_SWIFT_STANDARD_LIBRARIES = YES;
				BUNDLE_LOADER = "$(TEST_HOST)";
				INFOPLIST_FILE = Coupon_for_U_AnamTests/Info.plist;
				LD_RUNPATH_SEARCH_PATHS = "$(inherited) @executable_path/Frameworks @loader_path/Frameworks";
				PRODUCT_BUNDLE_IDENTIFIER = "com.Coupon-for-U-AnamTests";
				PRODUCT_NAME = "$(TARGET_NAME)";
				SWIFT_VERSION = 3.0;
				TEST_HOST = "$(BUILT_PRODUCTS_DIR)/Coupon_for_U_Anam.app/Coupon_for_U_Anam";
			};
			name = Debug;
		};
		24AC38681E26214200EEC55B /* Release */ = {
			isa = XCBuildConfiguration;
			buildSettings = {
				ALWAYS_EMBED_SWIFT_STANDARD_LIBRARIES = YES;
				BUNDLE_LOADER = "$(TEST_HOST)";
				INFOPLIST_FILE = Coupon_for_U_AnamTests/Info.plist;
				LD_RUNPATH_SEARCH_PATHS = "$(inherited) @executable_path/Frameworks @loader_path/Frameworks";
				PRODUCT_BUNDLE_IDENTIFIER = "com.Coupon-for-U-AnamTests";
				PRODUCT_NAME = "$(TARGET_NAME)";
				SWIFT_VERSION = 3.0;
				TEST_HOST = "$(BUILT_PRODUCTS_DIR)/Coupon_for_U_Anam.app/Coupon_for_U_Anam";
			};
			name = Release;
		};
		24AC386A1E26214200EEC55B /* Debug */ = {
			isa = XCBuildConfiguration;
			buildSettings = {
				ALWAYS_EMBED_SWIFT_STANDARD_LIBRARIES = YES;
				INFOPLIST_FILE = Coupon_for_U_AnamUITests/Info.plist;
				LD_RUNPATH_SEARCH_PATHS = "$(inherited) @executable_path/Frameworks @loader_path/Frameworks";
				PRODUCT_BUNDLE_IDENTIFIER = "com.Coupon-for-U-AnamUITests";
				PRODUCT_NAME = "$(TARGET_NAME)";
				SWIFT_VERSION = 3.0;
				TEST_TARGET_NAME = Coupon_for_U_Anam;
			};
			name = Debug;
		};
		24AC386B1E26214200EEC55B /* Release */ = {
			isa = XCBuildConfiguration;
			buildSettings = {
				ALWAYS_EMBED_SWIFT_STANDARD_LIBRARIES = YES;
				INFOPLIST_FILE = Coupon_for_U_AnamUITests/Info.plist;
				LD_RUNPATH_SEARCH_PATHS = "$(inherited) @executable_path/Frameworks @loader_path/Frameworks";
				PRODUCT_BUNDLE_IDENTIFIER = "com.Coupon-for-U-AnamUITests";
				PRODUCT_NAME = "$(TARGET_NAME)";
				SWIFT_VERSION = 3.0;
				TEST_TARGET_NAME = Coupon_for_U_Anam;
			};
			name = Release;
		};
/* End XCBuildConfiguration section */

/* Begin XCConfigurationList section */
		24AC38361E26214100EEC55B /* Build configuration list for PBXProject "Coupon_for_U_Anam" */ = {
			isa = XCConfigurationList;
			buildConfigurations = (
				24AC38611E26214200EEC55B /* Debug */,
				24AC38621E26214200EEC55B /* Release */,
			);
			defaultConfigurationIsVisible = 0;
			defaultConfigurationName = Release;
		};
		24AC38631E26214200EEC55B /* Build configuration list for PBXNativeTarget "Coupon_for_U_Anam" */ = {
			isa = XCConfigurationList;
			buildConfigurations = (
				24AC38641E26214200EEC55B /* Debug */,
				24AC38651E26214200EEC55B /* Release */,
			);
			defaultConfigurationIsVisible = 0;
			defaultConfigurationName = Release;
		};
		24AC38661E26214200EEC55B /* Build configuration list for PBXNativeTarget "Coupon_for_U_AnamTests" */ = {
			isa = XCConfigurationList;
			buildConfigurations = (
				24AC38671E26214200EEC55B /* Debug */,
				24AC38681E26214200EEC55B /* Release */,
			);
			defaultConfigurationIsVisible = 0;
			defaultConfigurationName = Release;
		};
		24AC38691E26214200EEC55B /* Build configuration list for PBXNativeTarget "Coupon_for_U_AnamUITests" */ = {
			isa = XCConfigurationList;
			buildConfigurations = (
				24AC386A1E26214200EEC55B /* Debug */,
				24AC386B1E26214200EEC55B /* Release */,
			);
			defaultConfigurationIsVisible = 0;
			defaultConfigurationName = Release;
		};
/* End XCConfigurationList section */
	};
	rootObject = 24AC38331E26214100EEC55B /* Project object */;
}
